Microsoft Visual Studio Solution File, Format Version 12.00
# Visual Studio Version 17
VisualStudioVersion = 17.5.2.0
MinimumVisualStudioVersion = 10.0.40219.1
Project("{FAE04EC0-301F-11D3-BF4B-00C04F79EFBC}") = "WardrobeMaker", "WardrobeMaker.csproj", "{EB5E1D77-8B3C-6482-CA58-828A26C62EE5}"
EndProject
Global
	GlobalSection(SolutionConfigurationPlatforms) = preSolution
		Debug|Any CPU = Debug|Any CPU
		Release|Any CPU = Release|Any CPU
	EndGlobalSection
	GlobalSection(ProjectConfigurationPlatforms) = postSolution
		{EB5E1D77-8B3C-6482-CA58-828A26C62EE5}.Debug|Any CPU.ActiveCfg = Debug|Any CPU
		{EB5E1D77-8B3C-6482-CA58-828A26C62EE5}.Debug|Any CPU.Build.0 = Debug|Any CPU
		{EB5E1D77-8B3C-6482-CA58-828A26C62EE5}.Release|Any CPU.ActiveCfg = Release|Any CPU
		{EB5E1D77-8B3C-6482-CA58-828A26C62EE5}.Release|Any CPU.Build.0 = Release|Any CPU
	EndGlobalSection
	GlobalSection(SolutionProperties) = preSolution
		HideSolutionNode = FALSE
	EndGlobalSection
	GlobalSection(ExtensibilityGlobals) = postSolution
		SolutionGuid = {471717DF-C0A8-4A86-B466-DEBC9CBDD520}
	EndGlobalSection
EndGlobal
